Microsoft Visual Studio Solution File, Format Version 12.00
# Visual Studio Version 17
VisualStudioVersion = 17.0.31903.59
MinimumVisualStudioVersion = 10.0.40219.1
Project("{FAE04EC0-301F-11D3-BF4B-00C04F79EFBC}") = "TerritoryBuilder.Core", "TerritoryBuilder.Core\\TerritoryBuilder.Core.csproj", "{9B7C8165-E111-4A80-A2A8-AD6D3B46A601}"
EndProject
Project("{FAE04EC0-301F-11D3-BF4B-00C04F79EFBC}") = "TerritoryBuilder.App", "TerritoryBuilder.App\\TerritoryBuilder.App.csproj", "{0E51B3D7-80A7-4B2E-86E9-4A9ED8C6D2E2}"
EndProject
Project("{FAE04EC0-301F-11D3-BF4B-00C04F79EFBC}") = "TerritoryBuilder.Tests", "TerritoryBuilder.Tests\\TerritoryBuilder.Tests.csproj", "{855E3A9D-6C70-4F13-A25D-0A7B11FB32FD}"
EndProject
Global
	GlobalSection(SolutionConfigurationPlatforms) = preSolution
		Debug|Any CPU = Debug|Any CPU
		Release|Any CPU = Release|Any CPU
	EndGlobalSection
	GlobalSection(ProjectConfigurationPlatforms) = postSolution
		{9B7C8165-E111-4A80-A2A8-AD6D3B46A601}.Debug|Any CPU.ActiveCfg = Debug|Any CPU
		{9B7C8165-E111-4A80-A2A8-AD6D3B46A601}.Debug|Any CPU.Build.0 = Debug|Any CPU
		{9B7C8165-E111-4A80-A2A8-AD6D3B46A601}.Release|Any CPU.ActiveCfg = Release|Any CPU
		{9B7C8165-E111-4A80-A2A8-AD6D3B46A601}.Release|Any CPU.Build.0 = Release|Any CPU
		{0E51B3D7-80A7-4B2E-86E9-4A9ED8C6D2E2}.Debug|Any CPU.ActiveCfg = Debug|Any CPU
		{0E51B3D7-80A7-4B2E-86E9-4A9ED8C6D2E2}.Debug|Any CPU.Build.0 = Debug|Any CPU
		{0E51B3D7-80A7-4B2E-86E9-4A9ED8C6D2E2}.Release|Any CPU.ActiveCfg = Release|Any CPU
		{0E51B3D7-80A7-4B2E-86E9-4A9ED8C6D2E2}.Release|Any CPU.Build.0 = Release|Any CPU
		{855E3A9D-6C70-4F13-A25D-0A7B11FB32FD}.Debug|Any CPU.ActiveCfg = Debug|Any CPU
		{855E3A9D-6C70-4F13-A25D-0A7B11FB32FD}.Debug|Any CPU.Build.0 = Debug|Any CPU
		{855E3A9D-6C70-4F13-A25D-0A7B11FB32FD}.Release|Any CPU.ActiveCfg = Release|Any CPU
		{855E3A9D-6C70-4F13-A25D-0A7B11FB32FD}.Release|Any CPU.Build.0 = Release|Any CPU
	EndGlobalSection
EndGlobal
